
Microsoft Visual Studio Solution File, Format Version 12.00
# Visual Studio Version 17
VisualStudioVersion = 17.3.32811.315
MinimumVisualStudioVersion = 10.0.40219.1
Project("{FAE04EC0-301F-11D3-BF4B-00C04F79EFBC}") = "SecondFreamework", "SecondFreamework\SecondFreamework.csproj", "{2D899C3B-CC9E-4B1B-969F-2DCCD613F4E7}"
EndProject
Global
	GlobalSection(SolutionConfigurationPlatforms) = preSolution
		Debug|Any CPU = Debug|Any CPU
		Release|Any CPU = Release|Any CPU
	EndGlobalSection
	GlobalSection(ProjectConfigurationPlatforms) = postSolution
		{2D899C3B-CC9E-4B1B-969F-2DCCD613F4E7}.Debug|Any CPU.ActiveCfg = Debug|Any CPU
		{2D899C3B-CC9E-4B1B-969F-2DCCD613F4E7}.Debug|Any CPU.Build.0 = Debug|Any CPU
		{2D899C3B-CC9E-4B1B-969F-2DCCD613F4E7}.Release|Any CPU.ActiveCfg = Release|Any CPU
		{2D899C3B-CC9E-4B1B-969F-2DCCD613F4E7}.Release|Any CPU.Build.0 = Release|Any CPU
	EndGlobalSection
	GlobalSection(SolutionProperties) = preSolution
		HideSolutionNode = FALSE
	EndGlobalSection
	GlobalSection(ExtensibilityGlobals) = postSolution
		SolutionGuid = {C87EABFE-7B17-4EB2-8AFA-6393FF9081DF}
	EndGlobalSection
EndGlobal
